
Microsoft Visual Studio Solution File, Format Version 12.00
# Visual Studio Version 17
VisualStudioVersion = 17.10.34928.147
MinimumVisualStudioVersion = 10.0.40219.1
Project("{9A19103F-16F7-4668-BE54-9A1E7A4F7556}") = "KafkaConsumer", "KafkaConsumer\KafkaConsumer.csproj", "{FE5F79D7-9CDD-4509-8199-73CD943E9C13}"
EndProject
Project("{9A19103F-16F7-4668-BE54-9A1E7A4F7556}") = "KafkaProducer", "KafkaProducer\KafkaProducer.csproj", "{3695AB55-080A-4707-B119-1F90CABBBC09}"
EndProject
Project("{E53339B2-1760-4266-BCC7-CA923CBCF16C}") = "docker-compose", "docker-compose.dcproj", "{142E8F14-14FC-40B2-9236-CF7D6AEC6136}"
EndProject
Global
	GlobalSection(SolutionConfigurationPlatforms) = preSolution
		Debug|Any CPU = Debug|Any CPU
		Release|Any CPU = Release|Any CPU
	EndGlobalSection
	GlobalSection(ProjectConfigurationPlatforms) = postSolution
		{FE5F79D7-9CDD-4509-8199-73CD943E9C13}.Debug|Any CPU.ActiveCfg = Debug|Any CPU
		{FE5F79D7-9CDD-4509-8199-73CD943E9C13}.Debug|Any CPU.Build.0 = Debug|Any CPU
		{FE5F79D7-9CDD-4509-8199-73CD943E9C13}.Release|Any CPU.ActiveCfg = Release|Any CPU
		{FE5F79D7-9CDD-4509-8199-73CD943E9C13}.Release|Any CPU.Build.0 = Release|Any CPU
		{3695AB55-080A-4707-B119-1F90CABBBC09}.Debug|Any CPU.ActiveCfg = Debug|Any CPU
		{3695AB55-080A-4707-B119-1F90CABBBC09}.Debug|Any CPU.Build.0 = Debug|Any CPU
		{3695AB55-080A-4707-B119-1F90CABBBC09}.Release|Any CPU.ActiveCfg = Release|Any CPU
		{3695AB55-080A-4707-B119-1F90CABBBC09}.Release|Any CPU.Build.0 = Release|Any CPU
		{142E8F14-14FC-40B2-9236-CF7D6AEC6136}.Debug|Any CPU.ActiveCfg = Debug|Any CPU
		{142E8F14-14FC-40B2-9236-CF7D6AEC6136}.Debug|Any CPU.Build.0 = Debug|Any CPU
		{142E8F14-14FC-40B2-9236-CF7D6AEC6136}.Release|Any CPU.ActiveCfg = Release|Any CPU
		{142E8F14-14FC-40B2-9236-CF7D6AEC6136}.Release|Any CPU.Build.0 = Release|Any CPU
	EndGlobalSection
	GlobalSection(SolutionProperties) = preSolution
		HideSolutionNode = FALSE
	EndGlobalSection
	GlobalSection(ExtensibilityGlobals) = postSolution
		SolutionGuid = {A71B8B71-6D74-4757-BE56-9F05C2F3EFC4}
	EndGlobalSection
EndGlobal
